// !$*UTF8*$!
{
	archiveVersion = 1;
	classes = {
	};
	objectVersion = 50;
	objects = {

/* Begin PBXBuildFile section */
		C9266A98222CA3D300E50904 /* Meal.swift in Sources */ = {isa = PBXBuildFile; fileRef = C9266A97222CA3D300E50904 /* Meal.swift */; };
		C9266A9A222CADF500E50904 /* MealTableViewCell.swift in Sources */ = {isa = PBXBuildFile; fileRef = C9266A99222CADF500E50904 /* MealTableViewCell.swift */; };
		C9266A9C222CB39C00E50904 /* MealTableViewController.swift in Sources */ = {isa = PBXBuildFile; fileRef = C9266A9B222CB39C00E50904 /* MealTableViewController.swift */; };
		C95FA4292221A8BB0013F535 /* AppDelegate.swift in Sources */ = {isa = PBXBuildFile; fileRef = C95FA4282221A8BB0013F535 /* AppDelegate.swift */; };
		C95FA42B2221A8BB0013F535 /* ViewController.swift in Sources */ = {isa = PBXBuildFile; fileRef = C95FA42A2221A8BB0013F535 /* ViewController.swift */; };
		C95FA42E2221A8BB0013F535 /* Main.storyboard in Resources */ = {isa = PBXBuildFile; fileRef = C95FA42C2221A8BB0013F535 /* Main.storyboard */; };
		C95FA4302221A8BE0013F535 /* Assets.xcassets in Resources */ = {isa = PBXBuildFile; fileRef = C95FA42F2221A8BE0013F535 /* Assets.xcassets */; };
		C95FA4332221A8BE0013F535 /* LaunchScreen.storyboard in Resources */ = {isa = PBXBuildFile; fileRef = C95FA4312221A8BE0013F535 /* LaunchScreen.storyboard */; };
		C95FA43E2221A8BE0013F535 /* FoodTrackerTests.swift in Sources */ = {isa = PBXBuildFile; fileRef = C95FA43D2221A8BE0013F535 /* FoodTrackerTests.swift */; };
		C9BD3CB1222310DC0015EE32 /* RatingControl.swift in Sources */ = {isa = PBXBuildFile; fileRef = C9BD3CB0222310DC0015EE32 /* RatingControl.swift */; };
/* End PBXBuildFile section */

/* Begin PBXContainerItemProxy section */
		C95FA43A2221A8BE0013F535 /* PBXContainerItemProxy */ = {
			isa = PBXContainerItemProxy;
			containerPortal = C95FA41D2221A8BB0013F535 /* Project object */;
			proxyType = 1;
			remoteGlobalIDString = C95FA4242221A8BB0013F535;
			remoteInfo = FoodTracker;
		};
/* End PBXContainerItemProxy section */

/* Begin PBXFileReference section */
		C9266A97222CA3D300E50904 /* Meal.swift */ = {isa = PBXFileReference; lastKnownFileType = sourcecode.swift; path = Meal.swift; sourceTree = "<group>"; };
		C9266A99222CADF500E50904 /* MealTableViewCell.swift */ = {isa = PBXFileReference; lastKnownFileType = sourcecode.swift; path = MealTableViewCell.swift; sourceTree = "<group>"; };
		C9266A9B222CB39C00E50904 /* MealTableViewController.swift */ = {isa = PBXFileReference; lastKnownFileType = sourcecode.swift; path = MealTableViewController.swift; sourceTree = "<group>"; };
		C95FA4252221A8BB0013F535 /* FoodTracker.app */ = {isa = PBXFileReference; explicitFileType = wrapper.application; includeInIndex = 0; path = FoodTracker.app; sourceTree = BUILT_PRODUCTS_DIR; };
		C95FA4282221A8BB0013F535 /* AppDelegate.swift */ = {isa = PBXFileReference; lastKnownFileType = sourcecode.swift; path = AppDelegate.swift; sourceTree = "<group>"; };
		C95FA42A2221A8BB0013F535 /* ViewController.swift */ = {isa = PBXFileReference; lastKnownFileType = sourcecode.swift; path = ViewController.swift; sourceTree = "<group>"; };
		C95FA42D2221A8BB0013F535 /* Base */ = {isa = PBXFileReference; lastKnownFileType = file.storyboard; name = Base; path = Base.lproj/Main.storyboard; sourceTree = "<group>"; };
		C95FA42F2221A8BE0013F535 /* Assets.xcassets */ = {isa = PBXFileReference; lastKnownFileType = folder.assetcatalog; path = Assets.xcassets; sourceTree = "<group>"; };
		C95FA4322221A8BE0013F535 /* Base */ = {isa = PBXFileReference; lastKnownFileType = file.storyboard; name = Base; path = Base.lproj/LaunchScreen.storyboard; sourceTree = "<group>"; };
		C95FA4342221A8BE0013F535 /* Info.plist */ = {isa = PBXFileReference; lastKnownFileType = text.plist.xml; path = Info.plist; sourceTree = "<group>"; };
		C95FA4392221A8BE0013F535 /* FoodTrackerTests.xctest */ = {isa = PBXFileReference; explicitFileType = wrapper.cfbundle; includeInIndex = 0; path = FoodTrackerTests.xctest; sourceTree = BUILT_PRODUCTS_DIR; };
		C95FA43D2221A8BE0013F535 /* FoodTrackerTests.swift */ = {isa = PBXFileReference; lastKnownFileType = sourcecode.swift; path = FoodTrackerTests.swift; sourceTree = "<group>"; };
		C95FA43F2221A8BE0013F535 /* Info.plist */ = {isa = PBXFileReference; lastKnownFileType = text.plist.xml; path = Info.plist; sourceTree = "<group>"; };
		C9BD3CB0222310DC0015EE32 /* RatingControl.swift */ = {isa = PBXFileReference; lastKnownFileType = sourcecode.swift; path = RatingControl.swift; sourceTree = "<group>"; };
/* End PBXFileReference section */

/* Begin PBXFrameworksBuildPhase section */
		C95FA4222221A8BB0013F535 /* Frameworks */ = {
			isa = PBXFrameworksBuildPhase;
			buildActionMask = 2147483647;
			files = (
			);
			runOnlyForDeploymentPostprocessing = 0;
		};
		C95FA4362221A8BE0013F535 /* Frameworks */ = {
			isa = PBXFrameworksBuildPhase;
			buildActionMask = 2147483647;
			files = (
			);
			runOnlyForDeploymentPostprocessing = 0;
		};
/* End PBXFrameworksBuildPhase section */

/* Begin PBXGroup section */
		C95FA41C2221A8BB0013F535 = {
			isa = PBXGroup;
			children = (
				C95FA4272221A8BB0013F535 /* FoodTracker */,
				C95FA43C2221A8BE0013F535 /* FoodTrackerTests */,
				C95FA4262221A8BB0013F535 /* Products */,
			);
			sourceTree = "<group>";
		};
		C95FA4262221A8BB0013F535 /* Products */ = {
			isa = PBXGroup;
			children = (
				C95FA4252221A8BB0013F535 /* FoodTracker.app */,
				C95FA4392221A8BE0013F535 /* FoodTrackerTests.xctest */,
			);
			name = Products;
			sourceTree = "<group>";
		};
		C95FA4272221A8BB0013F535 /* FoodTracker */ = {
			isa = PBXGroup;
			children = (
				C95FA4282221A8BB0013F535 /* AppDelegate.swift */,
				C95FA42A2221A8BB0013F535 /* ViewController.swift */,
				C9BD3CB0222310DC0015EE32 /* RatingControl.swift */,
				C9266A97222CA3D300E50904 /* Meal.swift */,
				C9266A99222CADF500E50904 /* MealTableViewCell.swift */,
				C9266A9B222CB39C00E50904 /* MealTableViewController.swift */,
				C95FA42C2221A8BB0013F535 /* Main.storyboard */,
				C95FA4312221A8BE0013F535 /* LaunchScreen.storyboard */,
				C95FA42F2221A8BE0013F535 /* Assets.xcassets */,
				C95FA4342221A8BE0013F535 /* Info.plist */,
			);
			path = FoodTracker;
			sourceTree = "<group>";
		};
		C95FA43C2221A8BE0013F535 /* FoodTrackerTests */ = {
			isa = PBXGroup;
			children = (
				C95FA43D2221A8BE0013F535 /* FoodTrackerTests.swift */,
				C95FA43F2221A8BE0013F535 /* Info.plist */,
			);
			path = FoodTrackerTests;
			sourceTree = "<group>";
		};
/* End PBXGroup section */

/* Begin PBXNativeTarget section */
		C95FA4242221A8BB0013F535 /* FoodTracker */ = {
			isa = PBXNativeTarget;
			buildConfigurationList = C95FA4422221A8BE0013F535 /* Build configuration list for PBXNativeTarget "FoodTracker" */;
			buildPhases = (
				C95FA4212221A8BB0013F535 /* Sources */,
				C95FA4222221A8BB0013F535 /* Frameworks */,
				C95FA4232221A8BB0013F535 /* Resources */,
			);
			buildRules = (
			);
			dependencies = (
			);
			name = FoodTracker;
			productName = FoodTracker;
			productReference = C95FA4252221A8BB0013F535 /* FoodTracker.app */;
			productType = "com.apple.product-type.application";
		};
		C95FA4382221A8BE0013F535 /* FoodTrackerTests */ = {
			isa = PBXNativeTarget;
			buildConfigurationList = C95FA4452221A8BE0013F535 /* Build configuration list for PBXNativeTarget "FoodTrackerTests" */;
			buildPhases = (
				C95FA4352221A8BE0013F535 /* Sources */,
				C95FA4362221A8BE0013F535 /* Frameworks */,
				C95FA4372221A8BE0013F535 /* Resources */,
			);
			buildRules = (
			);
			dependencies = (
				C95FA43B2221A8BE0013F535 /* PBXTargetDependency */,
			);
			name = FoodTrackerTests;
			productName = FoodTrackerTests;
			productReference = C95FA4392221A8BE0013F535 /* FoodTrackerTests.xctest */;
			productType = "com.apple.product-type.bundle.unit-test";
		};
/* End PBXNativeTarget section */

/* Begin PBXProject section */
		C95FA41D2221A8BB0013F535 /* Project object */ = {
			isa = PBXProject;
			attributes = {
				LastSwiftUpdateCheck = 1010;
				LastUpgradeCheck = 1010;
				ORGANIZATIONNAME = "Casey Stalnaker";
				TargetAttributes = {
					C95FA4242221A8BB0013F535 = {
						CreatedOnToolsVersion = 10.1;
					};
					C95FA4382221A8BE0013F535 = {
						CreatedOnToolsVersion = 10.1;
						TestTargetID = C95FA4242221A8BB0013F535;
					};
				};
			};
			buildConfigurationList = C95FA4202221A8BB0013F535 /* Build configuration list for PBXProject "FoodTracker" */;
			compatibilityVersion = "Xcode 9.3";
			developmentRegion = en;
			hasScannedForEncodings = 0;
			knownRegions = (
				en,
				Base,
			);
			mainGroup = C95FA41C2221A8BB0013F535;
			productRefGroup = C95FA4262221A8BB0013F535 /* Products */;
			projectDirPath = "";
			projectRoot = "";
			targets = (
				C95FA4242221A8BB0013F535 /* FoodTracker */,
				C95FA4382221A8BE0013F535 /* FoodTrackerTests */,
			);
		};
/* End PBXProject section */

/* Begin PBXResourcesBuildPhase section */
		C95FA4232221A8BB0013F535 /* Resources */ = {
			isa = PBXResourcesBuildPhase;
			buildActionMask = 2147483647;
			files = (
				C95FA4332221A8BE0013F535 /* LaunchScreen.storyboard in Resources */,
				C95FA4302221A8BE0013F535 /* Assets.xcassets in Resources */,
				C95FA42E2221A8BB0013F535 /* Main.storyboard in Resources */,
			);
			runOnlyForDeploymentPostprocessing = 0;
		};
		C95FA4372221A8BE0013F535 /* Resources */ = {
			isa = PBXResourcesBuildPhase;
			buildActionMask = 2147483647;
			files = (
			);
			runOnlyForDeploymentPostprocessing = 0;
		};
/* End PBXResourcesBuildPhase section */

/* Begin PBXSourcesBuildPhase section */
		C95FA4212221A8BB0013F535 /* Sources */ = {
			isa = PBXSourcesBuildPhase;
			buildActionMask = 2147483647;
			files = (
				C9266A98222CA3D300E50904 /* Meal.swift in Sources */,
				C95FA42B2221A8BB0013F535 /* ViewController.swift in Sources */,
				C9BD3CB1222310DC0015EE32 /* RatingControl.swift in Sources */,
				C95FA4292221A8BB0013F535 /* AppDelegate.swift in Sources */,
				C9266A9C222CB39C00E50904 /* MealTableViewController.swift in Sources */,
				C9266A9A222CADF500E50904 /* MealTableViewCell.swift in Sources */,
			);
			runOnlyForDeploymentPostprocessing = 0;
		};
		C95FA4352221A8BE0013F535 /* Sources */ = {
			isa = PBXSourcesBuildPhase;
			buildActionMask = 2147483647;
			files = (
				C95FA43E2221A8BE0013F535 /* FoodTrackerTests.swift in Sources */,
			);
			runOnlyForDeploymentPostprocessing = 0;
		};
/* End PBXSourcesBuildPhase section */

/* Begin PBXTargetDependency section */
		C95FA43B2221A8BE0013F535 /* PBXTargetDependency */ = {
			isa = PBXTargetDependency;
			target = C95FA4242221A8BB0013F535 /* FoodTracker */;
			targetProxy = C95FA43A2221A8BE0013F535 /* PBXContainerItemProxy */;
		};
/* End PBXTargetDependency section */

/* Begin PBXVariantGroup section */
		C95FA42C2221A8BB0013F535 /* Main.storyboard */ = {
			isa = PBXVariantGroup;
			children = (
				C95FA42D2221A8BB0013F535 /* Base */,
			);
			name = Main.storyboard;
			sourceTree = "<group>";
		};
		C95FA4312221A8BE0013F535 /* LaunchScreen.storyboard */ = {
			isa = PBXVariantGroup;
			children = (
				C95FA4322221A8BE0013F535 /* Base */,
			);
			name = LaunchScreen.storyboard;
			sourceTree = "<group>";
		};
/* End PBXVariantGroup section */

/* Begin XCBuildConfiguration section */
		C95FA4402221A8BE0013F535 /* Debug */ = {
			isa = XCBuildConfiguration;
			buildSettings = {
				ALWAYS_SEARCH_USER_PATHS = NO;
				CLANG_ANALYZER_NONNULL = YES;
				CLANG_ANALYZER_NUMBER_OBJECT_CONVERSION = YES_AGGRESSIVE;
				CLANG_CXX_LANGUAGE_STANDARD = "gnu++14";
				CLANG_CXX_LIBRARY = "libc++";
				CLANG_ENABLE_MODULES = YES;
				CLANG_ENABLE_OBJC_ARC = YES;
				CLANG_ENABLE_OBJC_WEAK = YES;
				CLANG_WARN_BLOCK_CAPTURE_AUTORELEASING = YES;
				CLANG_WARN_BOOL_CONVERSION = YES;
				CLANG_WARN_COMMA = YES;
				CLANG_WARN_CONSTANT_CONVERSION = YES;
				CLANG_WARN_DEPRECATED_OBJC_IMPLEMENTATIONS = YES;
				CLANG_WARN_DIRECT_OBJC_ISA_USAGE = YES_ERROR;
				CLANG_WARN_DOCUMENTATION_COMMENTS = YES;
				CLANG_WARN_EMPTY_BODY = YES;
				CLANG_WARN_ENUM_CONVERSION = YES;
				CLANG_WARN_INFINITE_RECURSION = YES;
				CLANG_WARN_INT_CONVERSION = YES;
				CLANG_WARN_NON_LITERAL_NULL_CONVERSION = YES;
				CLANG_WARN_OBJC_IMPLICIT_RETAIN_SELF = YES;
				CLANG_WARN_OBJC_LITERAL_CONVERSION = YES;
				CLANG_WARN_OBJC_ROOT_CLASS = YES_ERROR;
				CLANG_WARN_RANGE_LOOP_ANALYSIS = YES;
				CLANG_WARN_STRICT_PROTOTYPES = YES;
				CLANG_WARN_SUSPICIOUS_MOVE = YES;
				CLANG_WARN_UNGUARDED_AVAILABILITY = YES_AGGRESSIVE;
				CLANG_WARN_UNREACHABLE_CODE = YES;
				CLANG_WARN__DUPLICATE_METHOD_MATCH = YES;
				CODE_SIGN_IDENTITY = "iPhone Developer";
				COPY_PHASE_STRIP = NO;
				DEBUG_INFORMATION_FORMAT = dwarf;
				ENABLE_STRICT_OBJC_MSGSEND = YES;
				ENABLE_TESTABILITY = YES;
				GCC_C_LANGUAGE_STANDARD = gnu11;
				GCC_DYNAMIC_NO_PIC = NO;
				GCC_NO_COMMON_BLOCKS = YES;
				GCC_OPTIMIZATION_LEVEL = 0;
				GCC_PREPROCESSOR_DEFINITIONS = (
					"DEBUG=1",
					"$(inherited)",
				);
				GCC_WARN_64_TO_32_BIT_CONVERSION = YES;
				GCC_WARN_ABOUT_RETURN_TYPE = YES_ERROR;
				GCC_WARN_UNDECLARED_SELECTOR = YES;
				GCC_WARN_UNINITIALIZED_AUTOS = YES_AGGRESSIVE;
				GCC_WARN_UNUSED_FUNCTION = YES;
				GCC_WARN_UNUSED_VARIABLE = YES;
				IPHONEOS_DEPLOYMENT_TARGET = 12.1;
				MTL_ENABLE_DEBUG_INFO = INCLUDE_SOURCE;
				MTL_FAST_MATH = YES;
				ONLY_ACTIVE_ARCH = YES;
				SDKROOT = iphoneos;
				SWIFT_ACTIVE_COMPILATION_CONDITIONS = DEBUG;
				SWIFT_OPTIMIZATION_LEVEL = "-Onone";
			};
			name = Debug;
		};
		C95FA4412221A8BE0013F535 /* Release */ = {
			isa = XCBuildConfiguration;
			buildSettings = {
				ALWAYS_SEARCH_USER_PATHS = NO;
				CLANG_ANALYZER_NONNULL = YES;
				CLANG_ANALYZER_NUMBER_OBJECT_CONVERSION = YES_AGGRESSIVE;
				CLANG_CXX_LANGUAGE_STANDARD = "gnu++14";
				CLANG_CXX_LIBRARY = "libc++";
				CLANG_ENABLE_MODULES = YES;
				CLANG_ENABLE_OBJC_ARC = YES;
				CLANG_ENABLE_OBJC_WEAK = YES;
				CLANG_WARN_BLOCK_CAPTURE_AUTORELEASING = YES;
				CLANG_WARN_BOOL_CONVERSION = YES;
				CLANG_WARN_COMMA = YES;
				CLANG_WARN_CONSTANT_CONVERSION = YES;
				CLANG_WARN_DEPRECATED_OBJC_IMPLEMENTATIONS = YES;
				CLANG_WARN_DIRECT_OBJC_ISA_USAGE = YES_ERROR;
				CLANG_WARN_DOCUMENTATION_COMMENTS = YES;
				CLANG_WARN_EMPTY_BODY = YES;
				CLANG_WARN_ENUM_CONVERSION = YES;
				CLANG_WARN_INFINITE_RECURSION = YES;
				CLANG_WARN_INT_CONVERSION = YES;
				CLANG_WARN_NON_LITERAL_NULL_CONVERSION = YES;
				CLANG_WARN_OBJC_IMPLICIT_RETAIN_SELF = YES;
				CLANG_WARN_OBJC_LITERAL_CONVERSION = YES;
				CLANG_WARN_OBJC_ROOT_CLASS = YES_ERROR;
				CLANG_WARN_RANGE_LOOP_ANALYSIS = YES;
				CLANG_WARN_STRICT_PROTOTYPES = YES;
				CLANG_WARN_SUSPICIOUS_MOVE = YES;
				CLANG_WARN_UNGUARDED_AVAILABILITY = YES_AGGRESSIVE;
				CLANG_WARN_UNREACHABLE_CODE = YES;
				CLANG_WARN__DUPLICATE_METHOD_MATCH = YES;
				CODE_SIGN_IDENTITY = "iPhone Developer";
				COPY_PHASE_STRIP = NO;
				DEBUG_INFORMATION_FORMAT = "dwarf-with-dsym";
				ENABLE_NS_ASSERTIONS = NO;
				ENABLE_STRICT_OBJC_MSGSEND = YES;
				GCC_C_LANGUAGE_STANDARD = gnu11;
				GCC_NO_COMMON_BLOCKS = YES;
				GCC_WARN_64_TO_32_BIT_CONVERSION = YES;
				GCC_WARN_ABOUT_RETURN_TYPE = YES_ERROR;
				GCC_WARN_UNDECLARED_SELECTOR = YES;
				GCC_WARN_UNINITIALIZED_AUTOS = YES_AGGRESSIVE;
				GCC_WARN_UNUSED_FUNCTION = YES;
				GCC_WARN_UNUSED_VARIABLE = YES;
				IPHONEOS_DEPLOYMENT_TARGET = 12.1;
				MTL_ENABLE_DEBUG_INFO = NO;
				MTL_FAST_MATH = YES;
				SDKROOT = iphoneos;
				SWIFT_COMPILATION_MODE = wholemodule;
				SWIFT_OPTIMIZATION_LEVEL = "-O";
				VALIDATE_PRODUCT = YES;
			};
			name = Release;
		};
		C95FA4432221A8BE0013F535 /* Debug */ = {
			isa = XCBuildConfiguration;
			buildSettings = {
				ASSETCATALOG_COMPILER_APPICON_NAME = AppIcon;
				CODE_SIGN_STYLE = Automatic;
				DEVELOPMENT_TEAM = KRQ8QHN7GD;
				INFOPLIST_FILE = FoodTracker/Info.plist;
				LD_RUNPATH_SEARCH_PATHS = (
					"$(inherited)",
					"@executable_path/Frameworks",
				);
				PRODUCT_BUNDLE_IDENTIFIER = com.caseystalnaker.FoodTracker;
				PRODUCT_NAME = "$(TARGET_NAME)";
				SWIFT_VERSION = 4.2;
				TARGETED_DEVICE_FAMILY = "1,2";
			};
			name = Debug;
		};
		C95FA4442221A8BE0013F535 /* Release */ = {
			isa = XCBuildConfiguration;
			buildSettings = {
				ASSETCATALOG_COMPILER_APPICON_NAME = AppIcon;
				CODE_SIGN_STYLE = Automatic;
				DEVELOPMENT_TEAM = KRQ8QHN7GD;
				INFOPLIST_FILE = FoodTracker/Info.plist;
				LD_RUNPATH_SEARCH_PATHS = (
					"$(inherited)",
					"@executable_path/Frameworks",
				);
				PRODUCT_BUNDLE_IDENTIFIER = com.caseystalnaker.FoodTracker;
				PRODUCT_NAME = "$(TARGET_NAME)";
				SWIFT_VERSION = 4.2;
				TARGETED_DEVICE_FAMILY = "1,2";
			};
			name = Release;
		};
		C95FA4462221A8BE0013F535 /* Debug */ = {
			isa = XCBuildConfiguration;
			buildSettings = {
				ALWAYS_EMBED_SWIFT_STANDARD_LIBRARIES = YES;
				BUNDLE_LOADER = "$(TEST_HOST)";
				CODE_SIGN_STYLE = Automatic;
				DEVELOPMENT_TEAM = KRQ8QHN7GD;
				INFOPLIST_FILE = FoodTrackerTests/Info.plist;
				LD_RUNPATH_SEARCH_PATHS = (
					"$(inherited)",
					"@executable_path/Frameworks",
					"@loader_path/Frameworks",
				);
				PRODUCT_BUNDLE_IDENTIFIER = com.caseystalnaker.FoodTrackerTests;
				PRODUCT_NAME = "$(TARGET_NAME)";
				SWIFT_VERSION = 4.2;
				TARGETED_DEVICE_FAMILY = "1,2";
				TEST_HOST = "$(BUILT_PRODUCTS_DIR)/FoodTracker.app/FoodTracker";
			};
			name = Debug;
		};
		C95FA4472221A8BE0013F535 /* Release */ = {
			isa = XCBuildConfiguration;
			buildSettings = {
				ALWAYS_EMBED_SWIFT_STANDARD_LIBRARIES = YES;
				BUNDLE_LOADER = "$(TEST_HOST)";
				CODE_SIGN_STYLE = Automatic;
				DEVELOPMENT_TEAM = KRQ8QHN7GD;
				INFOPLIST_FILE = FoodTrackerTests/Info.plist;
				LD_RUNPATH_SEARCH_PATHS = (
					"$(inherited)",
					"@executable_path/Frameworks",
					"@loader_path/Frameworks",
				);
				PRODUCT_BUNDLE_IDENTIFIER = com.caseystalnaker.FoodTrackerTests;
				PRODUCT_NAME = "$(TARGET_NAME)";
				SWIFT_VERSION = 4.2;
				TARGETED_DEVICE_FAMILY = "1,2";
				TEST_HOST = "$(BUILT_PRODUCTS_DIR)/FoodTracker.app/FoodTracker";
			};
			name = Release;
		};
/* End XCBuildConfiguration section */

/* Begin XCConfigurationList section */
		C95FA4202221A8BB0013F535 /* Build configuration list for PBXProject "FoodTracker" */ = {
			isa = XCConfigurationList;
			buildConfigurations = (
				C95FA4402221A8BE0013F535 /* Debug */,
				C95FA4412221A8BE0013F535 /* Release */,
			);
			defaultConfigurationIsVisible = 0;
			defaultConfigurationName = Release;
		};
		C95FA4422221A8BE0013F535 /* Build configuration list for PBXNativeTarget "FoodTracker" */ = {
			isa = XCConfigurationList;
			buildConfigurations = (
				C95FA4432221A8BE0013F535 /* Debug */,
				C95FA4442221A8BE0013F535 /* Release */,
			);
			defaultConfigurationIsVisible = 0;
			defaultConfigurationName = Release;
		};
		C95FA4452221A8BE0013F535 /* Build configuration list for PBXNativeTarget "FoodTrackerTests" */ = {
			isa = XCConfigurationList;
			buildConfigurations = (
				C95FA4462221A8BE0013F535 /* Debug */,
				C95FA4472221A8BE0013F535 /* Release */,
			);
			defaultConfigurationIsVisible = 0;
			defaultConfigurationName = Release;
		};
/* End XCConfigurationList section */
	};
	rootObject = C95FA41D2221A8BB0013F535 /* Project object */;
}
